<?xml version="1.0" encoding="utf-8"?>
<Project ToolsVersion="4.0" xmlns="http://schemas.microsoft.com/developer/msbuild/2003">
  <ItemGroup>
    <Filter Include="源文件">
      <UniqueIdentifier>{4FC737F1-C7A5-4376-A066-2A32D752A2FF}</UniqueIdentifier>
      <Extensions>cpp;c;cc;cxx;def;odl;idl;hpj;bat;asm;asmx</Extensions>
    </Filter>
    <Filter Include="头文件">
      <UniqueIdentifier>{93995380-89BD-4b04-88EB-625FBE52EBFB}</UniqueIdentifier>
      <Extensions>h;hh;hpp;hxx;hm;inl;inc;xsd</Extensions>
    </Filter>
    <Filter Include="资源文件">
      <UniqueIdentifier>{67DA6AB6-F800-4c08-8B7A-83BB121AAD01}</UniqueIdentifier>
      <Extensions>rc;ico;cur;bmp;dlg;rc2;rct;bin;rgs;gif;jpg;jpeg;jpe;resx;tiff;tif;png;wav;mfcribbon-ms</Extensions>
    </Filter>
    <Filter Include="Classes">
      <UniqueIdentifier>{c2d338a0-c5fd-4eb2-bed4-3b5e8827f0bc}</UniqueIdentifier>
    </Filter>
    <Filter Include="Classes\win32">
      <UniqueIdentifier>{e04d0dd5-563c-4c3b-a51f-1142cb4eb95c}</UniqueIdentifier>
    </Filter>
  </ItemGroup>
  <ItemGroup>
    <Text Include="ReadMe.txt" />
  </ItemGroup>
  <ItemGroup>
    <ClInclude Include="stdafx.h">
      <Filter>头文件</Filter>
    </ClInclude>
    <ClInclude Include="targetver.h">
      <Filter>头文件</Filter>
    </ClInclude>
    <ClInclude Include="Classes\Thread.h">
      <Filter>Classes</Filter>
    </ClInclude>
    <ClInclude Include="Classes\ITcpHandler.h">
      <Filter>Classes</Filter>
    </ClInclude>
    <ClInclude Include="Classes\MemoryPool.h">
      <Filter>Classes</Filter>
    </ClInclude>
    <ClInclude Include="Classes\MutexLock.h">
      <Filter>Classes</Filter>
    </ClInclude>
    <ClInclude Include="Classes\Tcp.h">
      <Filter>Classes</Filter>
    </ClInclude>
    <ClInclude Include="Classes\TcpBuffer.h">
      <Filter>Classes</Filter>
    </ClInclude>
    <ClInclude Include="Classes\TcpService.h">
      <Filter>Classes</Filter>
    </ClInclude>
    <ClInclude Include="Classes\win32\pthread.h">
      <Filter>Classes\win32</Filter>
    </ClInclude>
    <ClInclude Include="Classes\win32\sched.h">
      <Filter>Classes\win32</Filter>
    </ClInclude>
    <ClInclude Include="Classes\win32\semaphore.h">
      <Filter>Classes\win32</Filter>
    </ClInclude>
  </ItemGroup>
  <ItemGroup>
    <ClCompile Include="stdafx.cpp">
      <Filter>源文件</Filter>
    </ClCompile>
    <ClCompile Include="Foundation.cpp">
      <Filter>源文件</Filter>
    </ClCompile>
    <ClCompile Include="Classes\Thread.cpp">
      <Filter>Classes</Filter>
    </ClCompile>
    <ClCompile Include="Classes\MutexLock.cpp">
      <Filter>Classes</Filter>
    </ClCompile>
    <ClCompile Include="Classes\Tcp.cpp">
      <Filter>Classes</Filter>
    </ClCompile>
    <ClCompile Include="Classes\TcpService.cpp">
      <Filter>Classes</Filter>
    </ClCompile>
  </ItemGroup>
</Project>