<?xml version="1.0" encoding="utf-8"?>
<Project ToolsVersion="4.0" xmlns="http://schemas.microsoft.com/developer/msbuild/2003">
  <ItemGroup>
    <Filter Include="Classes">
      <UniqueIdentifier>{fc5cb953-2953-4968-83b3-39e3ff951754}</UniqueIdentifier>
    </Filter>
    <Filter Include="win32">
      <UniqueIdentifier>{037a9a02-b906-4cc5-ad98-304acd4e25ee}</UniqueIdentifier>
    </Filter>
    <Filter Include="resource">
      <UniqueIdentifier>{2d1d0979-58cd-4ab6-b91c-13650158f1fa}</UniqueIdentifier>
    </Filter>
    <Filter Include="auto">
      <UniqueIdentifier>{91aa499d-b0a8-4da3-8ea5-3dfeb8c1dd73}</UniqueIdentifier>
    </Filter>
    <Filter Include="Share">
      <UniqueIdentifier>{1ce5b8c7-74ca-41b3-b908-975114f10755}</UniqueIdentifier>
    </Filter>
  </ItemGroup>
  <ItemGroup>
    <ClInclude Include="..\Classes\AppDelegate.h">
      <Filter>Classes</Filter>
    </ClInclude>
    <ClInclude Include="main.h">
      <Filter>win32</Filter>
    </ClInclude>
    <ClInclude Include="resource.h" />
    <ClInclude Include="SimulatorWin.h" />
    <ClInclude Include="stdafx.h">
      <Filter>win32</Filter>
    </ClInclude>
    <ClInclude Include="targetver.h">
      <Filter>win32</Filter>
    </ClInclude>
    <ClInclude Include="..\Classes\ImageLoader.h">
      <Filter>Classes</Filter>
    </ClInclude>
    <ClInclude Include="..\..\cocos2d-x\cocos\scripting\lua-bindings\auto\lua_imageLoader_auto.hpp">
      <Filter>auto</Filter>
    </ClInclude>
    <ClInclude Include="..\Classes\UpdateService.h">
      <Filter>Classes</Filter>
    </ClInclude>
    <ClInclude Include="..\..\cocos2d-x\cocos\scripting\lua-bindings\auto\lua_updateService_auto.hpp">
      <Filter>auto</Filter>
    </ClInclude>
    <ClInclude Include="..\Share\semaphore.h">
      <Filter>Share</Filter>
    </ClInclude>
    <ClInclude Include="..\Classes\CDHttpClient.h">
      <Filter>Classes</Filter>
    </ClInclude>
    <ClInclude Include="..\Classes\HttpDownLoader.h">
      <Filter>Classes</Filter>
    </ClInclude>
    <ClInclude Include="..\Classes\UpdateHelper.h">
      <Filter>Classes</Filter>
    </ClInclude>
    <ClInclude Include="..\Classes\CFileUtil.h">
      <Filter>Classes</Filter>
    </ClInclude>
    <ClInclude Include="..\Classes\sha1.h">
      <Filter>Classes</Filter>
    </ClInclude>
    <ClInclude Include="..\Classes\ClientRequestDataPackage.h">
      <Filter>Classes</Filter>
    </ClInclude>
    <ClInclude Include="..\Classes\Utility.h">
      <Filter>Classes</Filter>
    </ClInclude>
    <ClInclude Include="..\Classes\FileEncryptor.h">
      <Filter>Classes</Filter>
    </ClInclude>
    <ClInclude Include="..\Classes\EscapeCode.h" />
  </ItemGroup>
  <ItemGroup>
    <ClCompile Include="..\Classes\AppDelegate.cpp">
      <Filter>Classes</Filter>
    </ClCompile>
    <ClCompile Include="main.cpp">
      <Filter>win32</Filter>
    </ClCompile>
    <ClCompile Include="SimulatorWin.cpp" />
    <ClCompile Include="stdafx.cpp">
      <Filter>win32</Filter>
    </ClCompile>
    <ClCompile Include="..\Classes\ImageLoader.cpp">
      <Filter>Classes</Filter>
    </ClCompile>
    <ClCompile Include="..\..\cocos2d-x\cocos\scripting\lua-bindings\auto\lua_imageLoader_auto.cpp">
      <Filter>auto</Filter>
    </ClCompile>
    <ClCompile Include="..\Classes\UpdateService.cpp">
      <Filter>Classes</Filter>
    </ClCompile>
    <ClCompile Include="..\..\cocos2d-x\cocos\scripting\lua-bindings\auto\lua_updateService_auto.cpp">
      <Filter>auto</Filter>
    </ClCompile>
    <ClCompile Include="..\Classes\CDHttpClient.cpp">
      <Filter>Classes</Filter>
    </ClCompile>
    <ClCompile Include="..\Classes\HttpDownLoader.cpp">
      <Filter>Classes</Filter>
    </ClCompile>
    <ClCompile Include="..\Classes\UpdateHelper.cpp">
      <Filter>Classes</Filter>
    </ClCompile>
    <ClCompile Include="..\Classes\CFileUtil.cpp">
      <Filter>Classes</Filter>
    </ClCompile>
    <ClCompile Include="..\Classes\sha1.cpp">
      <Filter>Classes</Filter>
    </ClCompile>
    <ClCompile Include="..\Classes\ClientRequestDataPackage.cpp">
      <Filter>Classes</Filter>
    </ClCompile>
    <ClCompile Include="..\Classes\FileEncryptor.cpp">
      <Filter>Classes</Filter>
    </ClCompile>
    <ClCompile Include="..\Classes\EscapeCode.cpp" />
  </ItemGroup>
  <ItemGroup>
    <ResourceCompile Include="game.rc">
      <Filter>resource</Filter>
    </ResourceCompile>
  </ItemGroup>
  <ItemGroup>
    <Image Include="res\game.ico" />
  </ItemGroup>
</Project>